
Microsoft Visual Studio Solution File, Format Version 12.00
# Visual Studio Version 17
VisualStudioVersion = 17.10.35027.167
MinimumVisualStudioVersion = 10.0.40219.1
Project("{FAE04EC0-301F-11D3-BF4B-00C04F79EFBC}") = "MauiGuiaCurso", "MauiGuiaCurso\MauiGuiaCurso.csproj", "{A25AD063-0428-4455-9FC6-12B832240FFC}"
EndProject
Global
	GlobalSection(SolutionConfigurationPlatforms) = preSolution
		Debug|Any CPU = Debug|Any CPU
		Release|Any CPU = Release|Any CPU
	EndGlobalSection
	GlobalSection(ProjectConfigurationPlatforms) = postSolution
		{A25AD063-0428-4455-9FC6-12B832240FFC}.Debug|Any CPU.ActiveCfg = Debug|Any CPU
		{A25AD063-0428-4455-9FC6-12B832240FFC}.Debug|Any CPU.Build.0 = Debug|Any CPU
		{A25AD063-0428-4455-9FC6-12B832240FFC}.Debug|Any CPU.Deploy.0 = Debug|Any CPU
		{A25AD063-0428-4455-9FC6-12B832240FFC}.Release|Any CPU.ActiveCfg = Release|Any CPU
		{A25AD063-0428-4455-9FC6-12B832240FFC}.Release|Any CPU.Build.0 = Release|Any CPU
		{A25AD063-0428-4455-9FC6-12B832240FFC}.Release|Any CPU.Deploy.0 = Release|Any CPU
	EndGlobalSection
	GlobalSection(SolutionProperties) = preSolution
		HideSolutionNode = FALSE
	EndGlobalSection
	GlobalSection(ExtensibilityGlobals) = postSolution
		SolutionGuid = {CDD5FD7E-A75B-4C6A-A2A6-ECC778E8CE31}
	EndGlobalSection
EndGlobal
